hash: 78c44c9c72bd02d834f3800a380f10b8bd0761cfae78ebb31305dc49ff3f9255
updated: 2018-08-19T15:16:50.799147-04:00
imports:
- name: github.com/BurntSushi/xgb
  version: 27f122750802c950b2c869a5b63dafcf590ced95
  subpackages:
  - shape
  - xinerama
  - xproto
- name: github.com/BurntSushi/xgbutil
  version: f7c97cef3b4e6c88280a5a7091c3314e815ca243
  subpackages:
  - ewmh
  - xevent
  - xprop
- name: github.com/go-ole/go-ole
  version: 7a0fa49edf48165190530c675167e2f319a05268
  subpackages:
  - oleutil
- name: github.com/go-vgo/robotgo
  version: 01bee868bbf0f351a88ae32a5c31d2cef6b82699
  subpackages:
  - clipboard
- name: github.com/kbinani/screenshot
  version: 038e1adccf8662638cbd78d0b29f97a5283c7a61
  subpackages:
  - internal/util
  - internal/xwindow
- name: github.com/lxn/win
  version: 7e1250ba2e7749fb9eb865da9ee93fb5a2fe73f1
- name: github.com/otiai10/gosseract
  version: b026a6fd291f00736db60738f4e83a79d26359cb
- name: github.com/shirou/gopsutil
  version: ef54649286408053c0620d366dc06ead7d7cae5a
  subpackages:
  - cpu
  - host
  - internal/common
  - mem
  - net
  - process
- name: github.com/shirou/w32
  version: bb4de0191aa41b5507caa14b0650cdbddcd9280b
- name: github.com/StackExchange/wmi
  version: b12b22c5341f0c26d88c4d66176330500e84db68
- name: github.com/tensorflow/tensorflow
  version: 656e7a2b347c3c6eb76a6c130ed4b1def567b6c1
  subpackages:
  - tensorflow/go
- name: github.com/vcaesar/imgo
  version: fece97d8745e9e2299516bf074772fccf03a53a5
- name: gocv.io/x/gocv
  version: 3f4d73bc6a6e20e4880c0ea208f3e80880e1c725
- name: golang.org/x/image
  version: c73c2afc3b812cdd6385de5a50616511c4a3d458
  subpackages:
  - bmp
- name: golang.org/x/sys
  version: 9ccfe848b9db8435a24c424abbc07a921adf1df5
  subpackages:
  - unix
  - windows
testImports: []
